# Generated by move; do not edit
# This file should be checked in.

[move]
version = 4

[pinned.testnet.InterestBPS]
source = { git = "https://github.com/interest-protocol/interest-mvr", subdir = "bps", rev = "6e800792a6bb640b23b05012c3ea88cb639db78f" }
use_environment = "testnet"
manifest_digest = "5745706258F61D6CE210904B3E6AE87A73CE9D31A6F93BE4718C442529332A87"
deps = { std = "MoveStdlib", sui = "Sui" }

[pinned.testnet.MoveStdlib]
source = { git = "https://github.com/MystenLabs/sui.git", subdir = "crates/sui-framework/packages/move-stdlib", rev = "655576caa3d7faaed39ebbc15d1bcc91d0761aee" }
use_environment = "testnet"
manifest_digest = "C4FE4C91DE74CBF223B2E380AE40F592177D21870DC2D7EB6227D2D694E05363"
deps = {}

[pinned.testnet.Sui]
source = { git = "https://github.com/MystenLabs/sui.git", subdir = "crates/sui-framework/packages/sui-framework", rev = "655576caa3d7faaed39ebbc15d1bcc91d0761aee" }
use_environment = "testnet"
manifest_digest = "7AFB66695545775FBFBB2D3078ADFD084244D5002392E837FDE21D9EA1C6D01C"
deps = { MoveStdlib = "MoveStdlib" }

[pinned.testnet.gengo]
source = { git = "https://github.com/unconfirmedlabs/gengo.git", subdir = ".", rev = "a0bd83703efbd8143dc82f19e6ec95b0a106793a" }
use_environment = "testnet"
manifest_digest = "5745706258F61D6CE210904B3E6AE87A73CE9D31A6F93BE4718C442529332A87"
deps = { std = "MoveStdlib", sui = "Sui" }

[pinned.testnet.musicos]
source = { root = true }
use_environment = "testnet"
manifest_digest = "61CCD1F5ACABE6B204EE3369D3D5D66F809D8708E2D7103497833A0F4CB78EEB"
deps = { gengo = "gengo", interest_bps = "InterestBPS", ori = "ori", partyos = "partyos", share = "share", std = "MoveStdlib", sui = "Sui" }

[pinned.testnet.ori]
source = { git = "https://github.com/unconfirmedlabs/ori.git", subdir = "move", rev = "6e046fef1491e9a50e99a904d3da382f2cbbdef6" }
use_environment = "testnet"
manifest_digest = "5745706258F61D6CE210904B3E6AE87A73CE9D31A6F93BE4718C442529332A87"
deps = { std = "MoveStdlib", sui = "Sui" }

[pinned.testnet.partyos]
source = { git = "https://github.com/subsoniclabs/partyos.git", subdir = ".", rev = "d3e52c30917e5d7bc5f0bcc2df0dcccf23ec0c30" }
use_environment = "testnet"
manifest_digest = "5745706258F61D6CE210904B3E6AE87A73CE9D31A6F93BE4718C442529332A87"
deps = { std = "MoveStdlib", sui = "Sui" }

[pinned.testnet.share]
source = { git = "https://github.com/subsoniclabs/share.git", subdir = ".", rev = "31400f108c7069502e012d4b3543e30e45f5522c" }
use_environment = "testnet"
manifest_digest = "5745706258F61D6CE210904B3E6AE87A73CE9D31A6F93BE4718C442529332A87"
deps = { std = "MoveStdlib", sui = "Sui" }
