# Generated by move; do not edit
# This file should be checked in.

[move]
version = 4

[pinned.mainnet.MoveStdlib]
source = { git = "https://github.com/MystenLabs/sui.git", subdir = "crates/sui-framework/packages/move-stdlib", rev = "367fd808279bed26f7c64fc63160062a2ee29ab7" }
use_environment = "mainnet"
manifest_digest = "C4FE4C91DE74CBF223B2E380AE40F592177D21870DC2D7EB6227D2D694E05363"
deps = {}

[pinned.mainnet.Sui]
source = { git = "https://github.com/MystenLabs/sui.git", subdir = "crates/sui-framework/packages/sui-framework", rev = "367fd808279bed26f7c64fc63160062a2ee29ab7" }
use_environment = "mainnet"
manifest_digest = "CD547CB1ACCE0880C835DAED2D8FFCB91D56C833AE5240D3AA5B918398263195"
deps = { MoveStdlib = "MoveStdlib" }

[pinned.mainnet.bps]
source = { git = "https://github.com/unconfirmedlabs/bps.git", subdir = ".", rev = "d1c07015b98c407e556d014eaa1f4991bd081372" }
use_environment = "mainnet"
manifest_digest = "E41BBD67BE8940D26C79D78B028477EF5B33BA217A1282C78ACB344CF8A5ECF6"
deps = { std = "MoveStdlib", sui = "Sui" }

[pinned.mainnet.miso]
source = { local = "../../core" }
use_environment = "mainnet"
manifest_digest = "85DDD914DEA329A79BBFBAF8BE2398C03F4E86182BC44BE7B0430C2F3BB5E282"
deps = { bps = "bps", share = "share", std = "MoveStdlib", sui = "Sui" }

[pinned.mainnet.partyos]
source = { git = "https://github.com/misonetwork/partyos.git", subdir = ".", rev = "3a0ad41137169dd8c3d633520058539e27fbf6c8" }
use_environment = "mainnet"
manifest_digest = "E41BBD67BE8940D26C79D78B028477EF5B33BA217A1282C78ACB344CF8A5ECF6"
deps = { std = "MoveStdlib", sui = "Sui" }

[pinned.mainnet.recording_credits]
source = { root = true }
use_environment = "mainnet"
manifest_digest = "D5C9133FD67853D414009D40EE79B466DE4B3DFE363773AD6448CF6B7935C410"
deps = { miso = "miso", partyos = "partyos", std = "MoveStdlib", sui = "Sui" }

[pinned.mainnet.share]
source = { git = "https://github.com/misonetwork/share.git", subdir = ".", rev = "ca342adcbb61645d6d3f3d71bf39830c24ad998d" }
use_environment = "mainnet"
manifest_digest = "E41BBD67BE8940D26C79D78B028477EF5B33BA217A1282C78ACB344CF8A5ECF6"
deps = { std = "MoveStdlib", sui = "Sui" }
