# Generated by move; do not edit
# This file should be checked in.

[move]
version = 4

[pinned.testnet.MoveStdlib]
source = { git = "https://github.com/MystenLabs/sui.git", subdir = "crates/sui-framework/packages/move-stdlib", rev = "22f9fc9781732d651e18384c9a8eb1dabddf73a6" }
use_environment = "testnet"
manifest_digest = "C4FE4C91DE74CBF223B2E380AE40F592177D21870DC2D7EB6227D2D694E05363"
deps = {}

[pinned.testnet.Sui]
source = { git = "https://github.com/MystenLabs/sui.git", subdir = "crates/sui-framework/packages/sui-framework", rev = "22f9fc9781732d651e18384c9a8eb1dabddf73a6" }
use_environment = "testnet"
manifest_digest = "7AFB66695545775FBFBB2D3078ADFD084244D5002392E837FDE21D9EA1C6D01C"
deps = { MoveStdlib = "MoveStdlib" }

[pinned.testnet.interest_bps]
source = { local = "../../../../interest-mvr/bps" }
use_environment = "testnet"
manifest_digest = "5745706258F61D6CE210904B3E6AE87A73CE9D31A6F93BE4718C442529332A87"
deps = { std = "MoveStdlib", sui = "Sui" }

[pinned.testnet.language_code]
source = { local = "../../../../language_code" }
use_environment = "testnet"
manifest_digest = "5745706258F61D6CE210904B3E6AE87A73CE9D31A6F93BE4718C442529332A87"
deps = { std = "MoveStdlib", sui = "Sui" }

[pinned.testnet.musicos]
source = { local = "../../../../musicos/packages/musicos" }
use_environment = "testnet"
manifest_digest = "286487E4B290DC1C976870DF2D7BE280A726FDC7E04EDE154F104532873D6073"
deps = { interest_bps = "interest_bps", language_code = "language_code", std = "MoveStdlib", sui = "Sui", walrus_data = "walrus_data" }

[pinned.testnet.recording_reward_pool]
source = { root = true }
use_environment = "testnet"
manifest_digest = "BA2C5D58143A83ABA18E260CBB885D3D127D8363B69271F083DDCECABA115334"
deps = { musicos = "musicos", reward_pool = "reward_pool", std = "MoveStdlib", sui = "Sui" }

[pinned.testnet.reward_pool]
source = { local = "../../../../reward_pool" }
use_environment = "testnet"
manifest_digest = "13743973AE9DA64071620F7F22FE22017FA3CD575965FD675BC623C1565DC037"
deps = { stake = "stake", std = "MoveStdlib", sui = "Sui" }

[pinned.testnet.stake]
source = { local = "../../../../stake" }
use_environment = "testnet"
manifest_digest = "5745706258F61D6CE210904B3E6AE87A73CE9D31A6F93BE4718C442529332A87"
deps = { std = "MoveStdlib", sui = "Sui" }

[pinned.testnet.walrus_data]
source = { local = "../../../../walrus_data" }
use_environment = "testnet"
manifest_digest = "5745706258F61D6CE210904B3E6AE87A73CE9D31A6F93BE4718C442529332A87"
deps = { std = "MoveStdlib", sui = "Sui" }
