# Generated by move; do not edit
# This file should be checked in.

[move]
version = 4

[pinned.testnet.MoveStdlib]
source = { git = "https://github.com/MystenLabs/sui.git", subdir = "crates/sui-framework/packages/move-stdlib", rev = "718ae563a42fb4ba0d055588f81c704dcef58c25" }
use_environment = "testnet"
manifest_digest = "C4FE4C91DE74CBF223B2E380AE40F592177D21870DC2D7EB6227D2D694E05363"
deps = {}

[pinned.testnet.Sui]
source = { git = "https://github.com/MystenLabs/sui.git", subdir = "crates/sui-framework/packages/sui-framework", rev = "718ae563a42fb4ba0d055588f81c704dcef58c25" }
use_environment = "testnet"
manifest_digest = "7AFB66695545775FBFBB2D3078ADFD084244D5002392E837FDE21D9EA1C6D01C"
deps = { MoveStdlib = "MoveStdlib" }

[pinned.testnet.bps]
source = { git = "https://github.com/unconfirmedlabs/bps.git", subdir = ".", rev = "d1c07015b98c407e556d014eaa1f4991bd081372" }
use_environment = "testnet"
manifest_digest = "5745706258F61D6CE210904B3E6AE87A73CE9D31A6F93BE4718C442529332A87"
deps = { std = "MoveStdlib", sui = "Sui" }

[pinned.testnet.hikida]
source = { git = "https://github.com/unconfirmedlabs/hikida.git", subdir = ".", rev = "bc8e04947f5728328948df584b74ae8b03d17ef8" }
use_environment = "testnet"
manifest_digest = "5745706258F61D6CE210904B3E6AE87A73CE9D31A6F93BE4718C442529332A87"
deps = { std = "MoveStdlib", sui = "Sui" }

[pinned.testnet.miso]
source = { local = "../../core" }
use_environment = "testnet"
manifest_digest = "C7BC3575CE4779C127A679D6A95F7BCD3C225B49E8E28D8F816C68EE24F55049"
deps = { bps = "bps", share = "share", std = "MoveStdlib", sui = "Sui" }

[pinned.testnet.miso_vault]
source = { local = "../../lib/vault" }
use_environment = "testnet"
manifest_digest = "5745706258F61D6CE210904B3E6AE87A73CE9D31A6F93BE4718C442529332A87"
deps = { std = "MoveStdlib", sui = "Sui" }

[pinned.testnet.recording_ops]
source = { root = true }
use_environment = "testnet"
manifest_digest = "859428CE07A17481687756E4D0EA2A61D790CC0B2675ADFDE8F25E430F53CF5A"
deps = { miso = "miso", miso_vault = "miso_vault", recording_royalty_pool = "recording_royalty_pool", royalty_pool = "royalty_pool", std = "MoveStdlib", sui = "Sui" }

[pinned.testnet.recording_royalty_pool]
source = { local = "../recording_royalty_pool" }
use_environment = "testnet"
manifest_digest = "C7918D697BE11A1FB9643C0CEEEA00D90E1F6C3D5E4BB508BE04FDF135CE6E6C"
deps = { hikida = "hikida", miso = "miso", royalty_pool = "royalty_pool", std = "MoveStdlib", sui = "Sui" }

[pinned.testnet.royalty_pool]
source = { local = "../../lib/royalty_pool" }
use_environment = "testnet"
manifest_digest = "795D253ECAD232BC5A074881E6E7561DC51DF9C20EA199BA63A3183B2D8436CF"
deps = { hikida = "hikida", std = "MoveStdlib", sui = "Sui" }

[pinned.testnet.share]
source = { local = "../../lib/share" }
use_environment = "testnet"
manifest_digest = "5745706258F61D6CE210904B3E6AE87A73CE9D31A6F93BE4718C442529332A87"
deps = { std = "MoveStdlib", sui = "Sui" }
