# @generated by Move, please check-in and do not edit manually.

[move]
version = 3
manifest_digest = "EDDEB8D692FE1ACEDF0BB59A05A336DA70102B92D3E066A6E9ECEED3CDB73012"
deps_digest = "CB99E3BEE139471F3765AE330F855F3B376156AA54F37DEDE11BBE5BB0D3BB74"
dependencies = [
  { id = "Bridge", name = "Bridge" },
  { id = "CurrencyTreasury", name = "CurrencyTreasury" },
  { id = "InterestBPS", name = "InterestBPS" },
  { id = "InterestMath", name = "InterestMath" },
  { id = "MoveStdlib", name = "MoveStdlib" },
  { id = "Music", name = "Music" },
  { id = "RevenuePool", name = "RevenuePool" },
  { id = "RewardPool", name = "RewardPool" },
  { id = "Sui", name = "Sui" },
  { id = "SuiSystem", name = "SuiSystem" },
]

[[move.package]]
id = "Bridge"
source = { git = "https://github.com/MystenLabs/sui.git", rev = "c1f1ae650fb9f9248b39a569400b4420820868db", subdir = "crates/sui-framework/packages/bridge" }

dependencies = [
  { id = "MoveStdlib", name = "MoveStdlib" },
  { id = "Sui", name = "Sui" },
  { id = "SuiSystem", name = "SuiSystem" },
]

[[move.package]]
id = "CurrencyTreasury"
source = { local = "../../../currency_treasury" }

dependencies = [
  { id = "Bridge", name = "Bridge" },
  { id = "MoveStdlib", name = "MoveStdlib" },
  { id = "Sui", name = "Sui" },
  { id = "SuiSystem", name = "SuiSystem" },
]

[[move.package]]
id = "InterestBPS"
source = { local = "../../../miraicloud/mirainet/interest-mvr/bps" }

dependencies = [
  { id = "Bridge", name = "Bridge" },
  { id = "MoveStdlib", name = "MoveStdlib" },
  { id = "Sui", name = "Sui" },
  { id = "SuiSystem", name = "SuiSystem" },
]

[[move.package]]
id = "InterestMath"
source = { local = "../../../miraicloud/mirainet/interest-mvr/math" }

dependencies = [
  { id = "Bridge", name = "Bridge" },
  { id = "MoveStdlib", name = "MoveStdlib" },
  { id = "Sui", name = "Sui" },
  { id = "SuiSystem", name = "SuiSystem" },
]

[[move.package]]
id = "MoveStdlib"
source = { git = "https://github.com/MystenLabs/sui.git", rev = "c1f1ae650fb9f9248b39a569400b4420820868db", subdir = "crates/sui-framework/packages/move-stdlib" }

[[move.package]]
id = "Music"
source = { local = "../coins/music" }

dependencies = [
  { id = "Bridge", name = "Bridge" },
  { id = "CurrencyTreasury", name = "CurrencyTreasury" },
  { id = "MoveStdlib", name = "MoveStdlib" },
  { id = "Sui", name = "Sui" },
  { id = "SuiSystem", name = "SuiSystem" },
]

[[move.package]]
id = "RevenuePool"
source = { local = "../../../revenue_pool" }

dependencies = [
  { id = "Bridge", name = "Bridge" },
  { id = "MoveStdlib", name = "MoveStdlib" },
  { id = "Sui", name = "Sui" },
  { id = "SuiSystem", name = "SuiSystem" },
]

[[move.package]]
id = "RewardPool"
source = { local = "../../../reward_pool" }

dependencies = [
  { id = "Bridge", name = "Bridge" },
  { id = "MoveStdlib", name = "MoveStdlib" },
  { id = "Sui", name = "Sui" },
  { id = "SuiSystem", name = "SuiSystem" },
]

[[move.package]]
id = "Sui"
source = { git = "https://github.com/MystenLabs/sui.git", rev = "c1f1ae650fb9f9248b39a569400b4420820868db", subdir = "crates/sui-framework/packages/sui-framework" }

dependencies = [
  { id = "MoveStdlib", name = "MoveStdlib" },
]

[[move.package]]
id = "SuiSystem"
source = { git = "https://github.com/MystenLabs/sui.git", rev = "c1f1ae650fb9f9248b39a569400b4420820868db", subdir = "crates/sui-framework/packages/sui-system" }

dependencies = [
  { id = "MoveStdlib", name = "MoveStdlib" },
  { id = "Sui", name = "Sui" },
]

[move.toolchain-version]
compiler-version = "1.61.2"
edition = "2024.beta"
flavor = "sui"

[env]

[env.mirainet]
chain-id = "41a7d3bf"
original-published-id = "0xd03e74c7fdaf83ff49f9028978463164d52c1ae64b6c740086947c449dc37459"
latest-published-id = "0xd03e74c7fdaf83ff49f9028978463164d52c1ae64b6c740086947c449dc37459"
published-version = "1"
